
Microsoft Visual Studio Solution File, Format Version 12.00
Project("{FAE04EC0-301F-11D3-BF4B-00C04F79EFBC}") = "MediaNexus.Core", "MediaNexus.Core\MediaNexus.Core.csproj", "{578664E3-0C5D-4E5F-A04B-F672E4E7AEB0}"
EndProject
Project("{FAE04EC0-301F-11D3-BF4B-00C04F79EFBC}") = "MediaNexus.Data", "MediaNexus.Data\MediaNexus.Data.csproj", "{5C0B0974-7A31-4FE4-89FA-5B04A529BA27}"
EndProject
Global
	GlobalSection(SolutionConfigurationPlatforms) = preSolution
		Debug|Any CPU = Debug|Any CPU
		Release|Any CPU = Release|Any CPU
	EndGlobalSection
	GlobalSection(ProjectConfigurationPlatforms) = postSolution
		{578664E3-0C5D-4E5F-A04B-F672E4E7AEB0}.Debug|Any CPU.ActiveCfg = Debug|Any CPU
		{578664E3-0C5D-4E5F-A04B-F672E4E7AEB0}.Debug|Any CPU.Build.0 = Debug|Any CPU
		{578664E3-0C5D-4E5F-A04B-F672E4E7AEB0}.Release|Any CPU.ActiveCfg = Release|Any CPU
		{578664E3-0C5D-4E5F-A04B-F672E4E7AEB0}.Release|Any CPU.Build.0 = Release|Any CPU
		{5C0B0974-7A31-4FE4-89FA-5B04A529BA27}.Debug|Any CPU.ActiveCfg = Debug|Any CPU
		{5C0B0974-7A31-4FE4-89FA-5B04A529BA27}.Debug|Any CPU.Build.0 = Debug|Any CPU
		{5C0B0974-7A31-4FE4-89FA-5B04A529BA27}.Release|Any CPU.ActiveCfg = Release|Any CPU
		{5C0B0974-7A31-4FE4-89FA-5B04A529BA27}.Release|Any CPU.Build.0 = Release|Any CPU
	EndGlobalSection
EndGlobal
